<?xml version="1.0" encoding="utf-8"?>
<Project ToolsVersion="4.0" xmlns="http://schemas.microsoft.com/developer/msbuild/2003">
  <ItemGroup>
    <ClInclude Include="StardewVallyGame.h" />
    <ClInclude Include="TitleLevel.h">
      <Filter>Level</Filter>
    </ClInclude>
    <ClInclude Include="TopUI.h">
      <Filter>Actor\Play\PlayUI</Filter>
    </ClInclude>
    <ClInclude Include="ToolUI.h">
      <Filter>Actor\Play\PlayUI</Filter>
    </ClInclude>
    <ClInclude Include="EnergyUI.h">
      <Filter>Actor\Play\PlayUI</Filter>
    </ClInclude>
    <ClInclude Include="BackGround.h">
      <Filter>Actor\Play\PlayUI</Filter>
    </ClInclude>
    <ClInclude Include="ContentsEnums.h">
      <Filter>Level\Global</Filter>
    </ClInclude>
    <ClInclude Include="TitleBackGround.h">
      <Filter>Actor\Title</Filter>
    </ClInclude>
    <ClInclude Include="TitleLogo.h">
      <Filter>Actor\Title</Filter>
    </ClInclude>
    <ClInclude Include="PlayerCreate.h">
      <Filter>Actor\Title</Filter>
    </ClInclude>
    <ClInclude Include="BusStopLevel.h">
      <Filter>Level\PlayLevel</Filter>
    </ClInclude>
    <ClInclude Include="CoopLevel.h">
      <Filter>Level\PlayLevel</Filter>
    </ClInclude>
    <ClInclude Include="FarmHouseLevel.h">
      <Filter>Level\PlayLevel</Filter>
    </ClInclude>
    <ClInclude Include="FarmLevel.h">
      <Filter>Level\PlayLevel</Filter>
    </ClInclude>
    <ClInclude Include="LobinHouseLevel.h">
      <Filter>Level\PlayLevel</Filter>
    </ClInclude>
    <ClInclude Include="AnimalShopLevel.h">
      <Filter>Level\PlayLevel</Filter>
    </ClInclude>
    <ClInclude Include="SeedShopLevel.h">
      <Filter>Level\PlayLevel</Filter>
    </ClInclude>
    <ClInclude Include="Town2Level.h">
      <Filter>Level\PlayLevel</Filter>
    </ClInclude>
    <ClInclude Include="TownLevel.h">
      <Filter>Level\PlayLevel</Filter>
    </ClInclude>
    <ClInclude Include="ForestLevel.h">
      <Filter>Level\PlayLevel</Filter>
    </ClInclude>
    <ClInclude Include="NPCRobin.h">
      <Filter>Actor\Play\NPC</Filter>
    </ClInclude>
    <ClInclude Include="NPCAnimalShopOnner.h">
      <Filter>Actor\Play\NPC</Filter>
    </ClInclude>
    <ClInclude Include="Chicken.h">
      <Filter>Actor\Play\Animal</Filter>
    </ClInclude>
    <ClInclude Include="BabyChicken.h">
      <Filter>Actor\Play\Animal</Filter>
    </ClInclude>
    <ClInclude Include="Slime.h">
      <Filter>Actor\Play\Mine\Monster</Filter>
    </ClInclude>
    <ClInclude Include="Bug.h">
      <Filter>Actor\Play\Mine\Monster</Filter>
    </ClInclude>
    <ClInclude Include="PlayerEnum.h">
      <Filter>Actor\Play\PlayUI</Filter>
    </ClInclude>
    <ClInclude Include="Player.h">
      <Filter>Actor\Play\Player</Filter>
    </ClInclude>
    <ClInclude Include="Mouse.h">
      <Filter>Actor\Play\PlayUI</Filter>
    </ClInclude>
    <ClInclude Include="Time.h">
      <Filter>Actor\Play\PlayUI</Filter>
    </ClInclude>
    <ClInclude Include="DropItem.h">
      <Filter>Actor\Play\Item</Filter>
    </ClInclude>
    <ClInclude Include="FarmObjectEnvironment.h">
      <Filter>Actor\Play\Farm</Filter>
    </ClInclude>
    <ClInclude Include="FrontMap.h">
      <Filter>Actor\Play\PlayUI</Filter>
    </ClInclude>
    <ClInclude Include="Money.h">
      <Filter>Actor\Play\PlayUI</Filter>
    </ClInclude>
    <ClInclude Include="TileAnimation.h">
      <Filter>Actor\Play\Farm</Filter>
    </ClInclude>
    <ClInclude Include="Tool.h">
      <Filter>Actor\Play\Item</Filter>
    </ClInclude>
    <ClInclude Include="SeedShopUI.h">
      <Filter>Actor\Play\Shop</Filter>
    </ClInclude>
    <ClInclude Include="FadeIn.h">
      <Filter>Actor\Play\PlayUI</Filter>
    </ClInclude>
    <ClInclude Include="Crops.h">
      <Filter>Actor\Play\Farm</Filter>
    </ClInclude>
    <ClInclude Include="BackWoodLevel.h">
      <Filter>Level\PlayLevel</Filter>
    </ClInclude>
    <ClInclude Include="Mine1Object.h">
      <Filter>Actor\Play\Mine</Filter>
    </ClInclude>
    <ClInclude Include="Mine2Object.h">
      <Filter>Actor\Play\Mine</Filter>
    </ClInclude>
    <ClInclude Include="Mine1Level.h">
      <Filter>Level\PlayLevel\MineLevel</Filter>
    </ClInclude>
    <ClInclude Include="Mine2Level.h">
      <Filter>Level\PlayLevel\MineLevel</Filter>
    </ClInclude>
    <ClInclude Include="MineEntryLevel.h">
      <Filter>Level\PlayLevel\MineLevel</Filter>
    </ClInclude>
    <ClInclude Include="MineTile.h">
      <Filter>Actor\Play\Mine</Filter>
    </ClInclude>
    <ClInclude Include="ShopNPC.h">
      <Filter>Actor\Play\Shop</Filter>
    </ClInclude>
    <ClInclude Include="ShopUIMoney.h">
      <Filter>Actor\Play\Shop</Filter>
    </ClInclude>
    <ClInclude Include="MineUI.h">
      <Filter>Actor\Play\Mine</Filter>
    </ClInclude>
  </ItemGroup>
  <ItemGroup>
    <ClCompile Include="StardewVallyGame.cpp" />
    <ClCompile Include="TitleLevel.cpp">
      <Filter>Level</Filter>
    </ClCompile>
    <ClCompile Include="TopUI.cpp">
      <Filter>Actor\Play\PlayUI</Filter>
    </ClCompile>
    <ClCompile Include="ToolUI.cpp">
      <Filter>Actor\Play\PlayUI</Filter>
    </ClCompile>
    <ClCompile Include="EnergyUI.cpp">
      <Filter>Actor\Play\PlayUI</Filter>
    </ClCompile>
    <ClCompile Include="BackGround.cpp">
      <Filter>Actor\Play\PlayUI</Filter>
    </ClCompile>
    <ClCompile Include="TitleBackGround.cpp">
      <Filter>Actor\Title</Filter>
    </ClCompile>
    <ClCompile Include="TitleLogo.cpp">
      <Filter>Actor\Title</Filter>
    </ClCompile>
    <ClCompile Include="PlayerCreate.cpp">
      <Filter>Actor\Title</Filter>
    </ClCompile>
    <ClCompile Include="BusStopLevel.cpp">
      <Filter>Level\PlayLevel</Filter>
    </ClCompile>
    <ClCompile Include="CoopLevel.cpp">
      <Filter>Level\PlayLevel</Filter>
    </ClCompile>
    <ClCompile Include="FarmHouseLevel.cpp">
      <Filter>Level\PlayLevel</Filter>
    </ClCompile>
    <ClCompile Include="FarmLevel.cpp">
      <Filter>Level\PlayLevel</Filter>
    </ClCompile>
    <ClCompile Include="LobinHouseLevel.cpp">
      <Filter>Level\PlayLevel</Filter>
    </ClCompile>
    <ClCompile Include="AnimalShopLevel.cpp">
      <Filter>Level\PlayLevel</Filter>
    </ClCompile>
    <ClCompile Include="SeedShopLevel.cpp">
      <Filter>Level\PlayLevel</Filter>
    </ClCompile>
    <ClCompile Include="Town2Level.cpp">
      <Filter>Level\PlayLevel</Filter>
    </ClCompile>
    <ClCompile Include="TownLevel.cpp">
      <Filter>Level\PlayLevel</Filter>
    </ClCompile>
    <ClCompile Include="ForestLevel.cpp">
      <Filter>Level\PlayLevel</Filter>
    </ClCompile>
    <ClCompile Include="NPCRobin.cpp">
      <Filter>Actor\Play\NPC</Filter>
    </ClCompile>
    <ClCompile Include="NPCAnimalShopOnner.cpp">
      <Filter>Actor\Play\NPC</Filter>
    </ClCompile>
    <ClCompile Include="Chicken.cpp">
      <Filter>Actor\Play\Animal</Filter>
    </ClCompile>
    <ClCompile Include="BabyChicken.cpp">
      <Filter>Actor\Play\Animal</Filter>
    </ClCompile>
    <ClCompile Include="Slime.cpp">
      <Filter>Actor\Play\Mine\Monster</Filter>
    </ClCompile>
    <ClCompile Include="Bug.cpp">
      <Filter>Actor\Play\Mine\Monster</Filter>
    </ClCompile>
    <ClCompile Include="Player.cpp">
      <Filter>Actor\Play\Player</Filter>
    </ClCompile>
    <ClCompile Include="Player_State.cpp">
      <Filter>Actor\Play\Player</Filter>
    </ClCompile>
    <ClCompile Include="Mouse.cpp">
      <Filter>Actor\Play\PlayUI</Filter>
    </ClCompile>
    <ClCompile Include="Time.cpp">
      <Filter>Actor\Play\PlayUI</Filter>
    </ClCompile>
    <ClCompile Include="DropItem.cpp">
      <Filter>Actor\Play\Item</Filter>
    </ClCompile>
    <ClCompile Include="FarmObjectEnvironment.cpp">
      <Filter>Actor\Play\Farm</Filter>
    </ClCompile>
    <ClCompile Include="FrontMap.cpp">
      <Filter>Actor\Play\PlayUI</Filter>
    </ClCompile>
    <ClCompile Include="Money.cpp">
      <Filter>Actor\Play\PlayUI</Filter>
    </ClCompile>
    <ClCompile Include="TileAnimation.cpp">
      <Filter>Actor\Play\Farm</Filter>
    </ClCompile>
    <ClCompile Include="Tool.cpp">
      <Filter>Actor\Play\Item</Filter>
    </ClCompile>
    <ClCompile Include="SeedShopUI.cpp">
      <Filter>Actor\Play\Shop</Filter>
    </ClCompile>
    <ClCompile Include="ShopUIMoney.cpp">
      <Filter>Actor\Play\Shop</Filter>
    </ClCompile>
    <ClCompile Include="ShopNPC.cpp">
      <Filter>Actor\Play\Shop</Filter>
    </ClCompile>
    <ClCompile Include="FadeIn.cpp">
      <Filter>Actor\Play\PlayUI</Filter>
    </ClCompile>
    <ClCompile Include="Crops.cpp">
      <Filter>Actor\Play\Farm</Filter>
    </ClCompile>
    <ClCompile Include="BackWoodLevel.cpp">
      <Filter>Level\PlayLevel</Filter>
    </ClCompile>
    <ClCompile Include="Mine1Object.cpp">
      <Filter>Actor\Play\Mine</Filter>
    </ClCompile>
    <ClCompile Include="Mine2Object.cpp">
      <Filter>Actor\Play\Mine</Filter>
    </ClCompile>
    <ClCompile Include="Mine1Level.cpp">
      <Filter>Level\PlayLevel\MineLevel</Filter>
    </ClCompile>
    <ClCompile Include="Mine2Level.cpp">
      <Filter>Level\PlayLevel\MineLevel</Filter>
    </ClCompile>
    <ClCompile Include="MineEntryLevel.cpp">
      <Filter>Level\PlayLevel\MineLevel</Filter>
    </ClCompile>
    <ClCompile Include="MineUI.cpp">
      <Filter>Actor\Play\Mine</Filter>
    </ClCompile>
  </ItemGroup>
  <ItemGroup>
    <Filter Include="Level">
      <UniqueIdentifier>{7485c8d2-d493-49c9-9d3c-cb4875e4528e}</UniqueIdentifier>
    </Filter>
    <Filter Include="Level\Global">
      <UniqueIdentifier>{4e66794d-661b-4a18-9265-47d3ebb39aeb}</UniqueIdentifier>
    </Filter>
    <Filter Include="Actor">
      <UniqueIdentifier>{124b1e5b-67b6-46ea-acf7-45ba685767e3}</UniqueIdentifier>
    </Filter>
    <Filter Include="Actor\Play">
      <UniqueIdentifier>{ad9b271b-908c-46ba-96e7-ae3bb31c03dd}</UniqueIdentifier>
    </Filter>
    <Filter Include="Actor\Play\Mine">
      <UniqueIdentifier>{c96028d3-02da-46dd-9daf-6ef5dcb71a35}</UniqueIdentifier>
    </Filter>
    <Filter Include="Actor\Title">
      <UniqueIdentifier>{5df20397-b445-49a8-ab9c-50ab93349bbd}</UniqueIdentifier>
    </Filter>
    <Filter Include="Level\PlayLevel">
      <UniqueIdentifier>{c70a5de1-b1d0-4e9a-8bde-90ac2ad135ca}</UniqueIdentifier>
    </Filter>
    <Filter Include="Actor\Play\Animal">
      <UniqueIdentifier>{66428bba-ed27-4a8f-bc5b-effe02311df5}</UniqueIdentifier>
    </Filter>
    <Filter Include="Actor\Play\NPC">
      <UniqueIdentifier>{4a275f80-aef1-4a04-95fc-866be7586d49}</UniqueIdentifier>
    </Filter>
    <Filter Include="Actor\Play\Mine\Monster">
      <UniqueIdentifier>{bc9d8fd5-53d0-47f8-a28a-3f9e483e1b38}</UniqueIdentifier>
    </Filter>
    <Filter Include="Actor\Play\Player">
      <UniqueIdentifier>{9e4f5438-4aea-4c02-a194-e582b13c115d}</UniqueIdentifier>
    </Filter>
    <Filter Include="Actor\Play\PlayUI">
      <UniqueIdentifier>{64eb3a14-efeb-4c13-88ed-4682f2408d9b}</UniqueIdentifier>
    </Filter>
    <Filter Include="Actor\Play\Item">
      <UniqueIdentifier>{e9e3a408-1419-4c10-b6d0-adf2e20f78be}</UniqueIdentifier>
    </Filter>
    <Filter Include="Actor\Play\Shop">
      <UniqueIdentifier>{3706f715-69b1-4b71-9fc4-bbded785c4ce}</UniqueIdentifier>
    </Filter>
    <Filter Include="Actor\Play\Farm">
      <UniqueIdentifier>{13f37d19-b047-43e1-904f-b3ce95abf745}</UniqueIdentifier>
    </Filter>
    <Filter Include="Level\PlayLevel\MineLevel">
      <UniqueIdentifier>{9ef2984e-540c-426b-96a0-1f0650052c04}</UniqueIdentifier>
    </Filter>
  </ItemGroup>
</Project>