<?xml version="1.0" encoding="utf-8"?>
<Project ToolsVersion="4.0" xmlns="http://schemas.microsoft.com/developer/msbuild/2003">
  <ItemGroup>
    <ClInclude Include="StardewVallyGame.h" />
    <ClInclude Include="TitleLevel.h">
      <Filter>Level</Filter>
    </ClInclude>
    <ClInclude Include="TitleLogo.h">
      <Filter>Title</Filter>
    </ClInclude>
    <ClInclude Include="TitleBackGround.h">
      <Filter>Title</Filter>
    </ClInclude>
    <ClInclude Include="TopUI.h">
      <Filter>Play\Playdefault</Filter>
    </ClInclude>
    <ClInclude Include="Player.h">
      <Filter>Play\Playdefault</Filter>
    </ClInclude>
    <ClInclude Include="IntroLevel.h">
      <Filter>Level</Filter>
    </ClInclude>
    <ClInclude Include="PlayerCreateLevel.h">
      <Filter>Level</Filter>
    </ClInclude>
    <ClInclude Include="narrationLevel.h">
      <Filter>Level</Filter>
    </ClInclude>
    <ClInclude Include="FarmHouseLevel.h">
      <Filter>Level</Filter>
    </ClInclude>
    <ClInclude Include="FarmLevel.h">
      <Filter>Level</Filter>
    </ClInclude>
    <ClInclude Include="BusStopLevel.h">
      <Filter>Level</Filter>
    </ClInclude>
    <ClInclude Include="TownLevel.h">
      <Filter>Level</Filter>
    </ClInclude>
    <ClInclude Include="ShopLevel.h">
      <Filter>Level</Filter>
    </ClInclude>
    <ClInclude Include="Town2Level.h">
      <Filter>Level</Filter>
    </ClInclude>
    <ClInclude Include="MineEntryLevel.h">
      <Filter>Level</Filter>
    </ClInclude>
    <ClInclude Include="Mine1Level.h">
      <Filter>Level</Filter>
    </ClInclude>
    <ClInclude Include="Mine2Level.h">
      <Filter>Level</Filter>
    </ClInclude>
    <ClInclude Include="LobinHouseLevel.h">
      <Filter>Level</Filter>
    </ClInclude>
    <ClInclude Include="MarnieHouseLevel.h">
      <Filter>Level</Filter>
    </ClInclude>
    <ClInclude Include="CoopLevel.h">
      <Filter>Level</Filter>
    </ClInclude>
    <ClInclude Include="ToolUI.h">
      <Filter>Play\Playdefault</Filter>
    </ClInclude>
    <ClInclude Include="EnergyUI.h">
      <Filter>Play\Playdefault</Filter>
    </ClInclude>
    <ClInclude Include="Menu.h">
      <Filter>Play</Filter>
    </ClInclude>
    <ClInclude Include="Monster.h">
      <Filter>Play\Mine</Filter>
    </ClInclude>
    <ClInclude Include="BackGround.h">
      <Filter>Play\Playdefault</Filter>
    </ClInclude>
  </ItemGroup>
  <ItemGroup>
    <ClCompile Include="StardewVallyGame.cpp" />
    <ClCompile Include="TitleLevel.cpp">
      <Filter>Level</Filter>
    </ClCompile>
    <ClCompile Include="TitleLogo.cpp">
      <Filter>Title</Filter>
    </ClCompile>
    <ClCompile Include="TitleBackGround.cpp">
      <Filter>Title</Filter>
    </ClCompile>
    <ClCompile Include="TopUI.cpp">
      <Filter>Play\Playdefault</Filter>
    </ClCompile>
    <ClCompile Include="Player.cpp">
      <Filter>Play\Playdefault</Filter>
    </ClCompile>
    <ClCompile Include="IntroLevel.cpp">
      <Filter>Level</Filter>
    </ClCompile>
    <ClCompile Include="PlayerCreateLevel.cpp">
      <Filter>Level</Filter>
    </ClCompile>
    <ClCompile Include="narrationLevel.cpp">
      <Filter>Level</Filter>
    </ClCompile>
    <ClCompile Include="FarmHouseLevel.cpp">
      <Filter>Level</Filter>
    </ClCompile>
    <ClCompile Include="FarmLevel.cpp">
      <Filter>Level</Filter>
    </ClCompile>
    <ClCompile Include="BusStopLevel.cpp">
      <Filter>Level</Filter>
    </ClCompile>
    <ClCompile Include="TownLevel.cpp">
      <Filter>Level</Filter>
    </ClCompile>
    <ClCompile Include="ShopLevel.cpp">
      <Filter>Level</Filter>
    </ClCompile>
    <ClCompile Include="Town2Level.cpp">
      <Filter>Level</Filter>
    </ClCompile>
    <ClCompile Include="MineEntryLevel.cpp">
      <Filter>Level</Filter>
    </ClCompile>
    <ClCompile Include="Mine1Level.cpp">
      <Filter>Level</Filter>
    </ClCompile>
    <ClCompile Include="Mine2Level.cpp">
      <Filter>Level</Filter>
    </ClCompile>
    <ClCompile Include="LobinHouseLevel.cpp">
      <Filter>Level</Filter>
    </ClCompile>
    <ClCompile Include="MarnieHouseLevel.cpp">
      <Filter>Level</Filter>
    </ClCompile>
    <ClCompile Include="CoopLevel.cpp">
      <Filter>Level</Filter>
    </ClCompile>
    <ClCompile Include="ToolUI.cpp">
      <Filter>Play\Playdefault</Filter>
    </ClCompile>
    <ClCompile Include="EnergyUI.cpp">
      <Filter>Play\Playdefault</Filter>
    </ClCompile>
    <ClCompile Include="Menu.cpp">
      <Filter>Play</Filter>
    </ClCompile>
    <ClCompile Include="Monster.cpp">
      <Filter>Play\Mine</Filter>
    </ClCompile>
    <ClCompile Include="BackGround.cpp">
      <Filter>Play\Playdefault</Filter>
    </ClCompile>
  </ItemGroup>
  <ItemGroup>
    <Filter Include="Level">
      <UniqueIdentifier>{7485c8d2-d493-49c9-9d3c-cb4875e4528e}</UniqueIdentifier>
    </Filter>
    <Filter Include="Play">
      <UniqueIdentifier>{ad9b271b-908c-46ba-96e7-ae3bb31c03dd}</UniqueIdentifier>
    </Filter>
    <Filter Include="Title">
      <UniqueIdentifier>{5df20397-b445-49a8-ab9c-50ab93349bbd}</UniqueIdentifier>
    </Filter>
    <Filter Include="Play\Mine">
      <UniqueIdentifier>{c96028d3-02da-46dd-9daf-6ef5dcb71a35}</UniqueIdentifier>
    </Filter>
    <Filter Include="Play\Playdefault">
      <UniqueIdentifier>{64eb3a14-efeb-4c13-88ed-4682f2408d9b}</UniqueIdentifier>
    </Filter>
  </ItemGroup>
</Project>